
Microsoft Visual Studio Solution File, Format Version 12.00
# Visual Studio Version 16
VisualStudioVersion = 16.0.29509.3
MinimumVisualStudioVersion = 10.0.40219.1
Project("{FAE04EC0-301F-11D3-BF4B-00C04F79EFBC}") = "ComboBoxSample", "ComboBoxSample\ComboBoxSample.csproj", "{3CDDE0EF-CE3C-49EF-B483-E9159F7C22BF}"
EndProject
Global
	GlobalSection(SolutionConfigurationPlatforms) = preSolution
		Debug|Any CPU = Debug|Any CPU
		Release|Any CPU = Release|Any CPU
	EndGlobalSection
	GlobalSection(ProjectConfigurationPlatforms) = postSolution
		{3CDDE0EF-CE3C-49EF-B483-E9159F7C22BF}.Debug|Any CPU.ActiveCfg = Debug|Any CPU
		{3CDDE0EF-CE3C-49EF-B483-E9159F7C22BF}.Debug|Any CPU.Build.0 = Debug|Any CPU
		{3CDDE0EF-CE3C-49EF-B483-E9159F7C22BF}.Release|Any CPU.ActiveCfg = Release|Any CPU
		{3CDDE0EF-CE3C-49EF-B483-E9159F7C22BF}.Release|Any CPU.Build.0 = Release|Any CPU
	EndGlobalSection
	GlobalSection(SolutionProperties) = preSolution
		HideSolutionNode = FALSE
	EndGlobalSection
	GlobalSection(ExtensibilityGlobals) = postSolution
		SolutionGuid = {08532F3E-FA48-40C5-B40C-980B2B21AFFF}
	EndGlobalSection
EndGlobal
